
Microsoft Visual Studio Solution File, Format Version 12.00
# Visual Studio Version 17
VisualStudioVersion = 17.6.33815.320
MinimumVisualStudioVersion = 10.0.40219.1
Project("{8BC9CEB8-8B4A-11D0-8D11-00A0C91BC942}") = "WindowsGUIwithHooks", "WindowsGUIwithHooks\WindowsGUIwithHooks.vcxproj", "{BFD7BF4B-FD51-4CE3-BCD8-AF89F9783947}"
EndProject
Global
	GlobalSection(SolutionConfigurationPlatforms) = preSolution
		Debug|x64 = Debug|x64
		Debug|x86 = Debug|x86
		Release|x64 = Release|x64
		Release|x86 = Release|x86
	EndGlobalSection
	GlobalSection(ProjectConfigurationPlatforms) = postSolution
		{BFD7BF4B-FD51-4CE3-BCD8-AF89F9783947}.Debug|x64.ActiveCfg = Debug|x64
		{BFD7BF4B-FD51-4CE3-BCD8-AF89F9783947}.Debug|x64.Build.0 = Debug|x64
		{BFD7BF4B-FD51-4CE3-BCD8-AF89F9783947}.Debug|x86.ActiveCfg = Debug|Win32
		{BFD7BF4B-FD51-4CE3-BCD8-AF89F9783947}.Debug|x86.Build.0 = Debug|Win32
		{BFD7BF4B-FD51-4CE3-BCD8-AF89F9783947}.Release|x64.ActiveCfg = Release|x64
		{BFD7BF4B-FD51-4CE3-BCD8-AF89F9783947}.Release|x64.Build.0 = Release|x64
		{BFD7BF4B-FD51-4CE3-BCD8-AF89F9783947}.Release|x86.ActiveCfg = Release|Win32
		{BFD7BF4B-FD51-4CE3-BCD8-AF89F9783947}.Release|x86.Build.0 = Release|Win32
	EndGlobalSection
	GlobalSection(SolutionProperties) = preSolution
		HideSolutionNode = FALSE
	EndGlobalSection
	GlobalSection(ExtensibilityGlobals) = postSolution
		SolutionGuid = {94AF8885-E54B-473A-B621-674C72F12E0F}
	EndGlobalSection
EndGlobal
